
Microsoft Visual Studio Solution File, Format Version 12.00
# Visual Studio Version 17
VisualStudioVersion = 17.10.35027.167
MinimumVisualStudioVersion = 10.0.40219.1
Project("{FAE04EC0-301F-11D3-BF4B-00C04F79EFBC}") = "Tetris", "Tetris\Tetris.csproj", "{92383ABF-48F7-4540-A9DA-1FADECF9334F}"
EndProject
Global
	GlobalSection(SolutionConfigurationPlatforms) = preSolution
		Debug|Any CPU = Debug|Any CPU
		Release|Any CPU = Release|Any CPU
	EndGlobalSection
	GlobalSection(ProjectConfigurationPlatforms) = postSolution
		{92383ABF-48F7-4540-A9DA-1FADECF9334F}.Debug|Any CPU.ActiveCfg = Debug|Any CPU
		{92383ABF-48F7-4540-A9DA-1FADECF9334F}.Debug|Any CPU.Build.0 = Debug|Any CPU
		{92383ABF-48F7-4540-A9DA-1FADECF9334F}.Release|Any CPU.ActiveCfg = Release|Any CPU
		{92383ABF-48F7-4540-A9DA-1FADECF9334F}.Release|Any CPU.Build.0 = Release|Any CPU
	EndGlobalSection
	GlobalSection(SolutionProperties) = preSolution
		HideSolutionNode = FALSE
	EndGlobalSection
	GlobalSection(ExtensibilityGlobals) = postSolution
		SolutionGuid = {C2538057-D11E-4365-9570-E47BF53B444A}
	EndGlobalSection
EndGlobal
